<?xml version="1.0" encoding="utf-8"?>
<Project ToolsVersion="4.0" xmlns="http://schemas.microsoft.com/developer/msbuild/2003">
  <ItemGroup>
    <Filter Include="src">
      <UniqueIdentifier>{4FC737F1-C7A5-4376-A066-2A32D752A2FF}</UniqueIdentifier>
    </Filter>
    <Filter Include="src\core">
      <UniqueIdentifier>{E63230B1-49A5-4F0C-B867-123456789AAA}</UniqueIdentifier>
    </Filter>
    <Filter Include="src\renderer">
      <UniqueIdentifier>{E63230B1-49A5-4F0C-B867-123456789BBB}</UniqueIdentifier>
    </Filter>
    <Filter Include="src\ui">
      <UniqueIdentifier>{E63230B1-49A5-4F0C-B867-123456789CCC}</UniqueIdentifier>
    </Filter>
    <Filter Include="src\xml">
      <UniqueIdentifier>{E63230B1-49A5-4F0C-B867-123456789DDD}</UniqueIdentifier>
    </Filter>
    <Filter Include="src\animation">
      <UniqueIdentifier>{E63230B1-49A5-4F0C-B867-123456789FFF}</UniqueIdentifier>
    </Filter>
    <Filter Include="src\generated">
      <UniqueIdentifier>{E63230B1-49A5-4F0C-B867-123456789EEE}</UniqueIdentifier>
    </Filter>
  </ItemGroup>
  <ItemGroup>
    <ClCompile Include="src\core\application.cpp">
      <Filter>src\core</Filter>
    </ClCompile>
    <ClCompile Include="src\core\input.cpp">
      <Filter>src\core</Filter>
    </ClCompile>
    <ClCompile Include="src\animation\tween.cpp">
      <Filter>src\animation</Filter>
    </ClCompile>
    <ClCompile Include="src\animation\animator.cpp">
      <Filter>src\animation</Filter>
    </ClCompile>
    <ClCompile Include="src\core\async.cpp">
      <Filter>src\core</Filter>
    </ClCompile>
    <ClCompile Include="src\renderer\canvas.cpp">
      <Filter>src\renderer</Filter>
    </ClCompile>
    <ClCompile Include="src\renderer\texture.cpp">
      <Filter>src\renderer</Filter>
    </ClCompile>
    <ClCompile Include="src\renderer\font.cpp">
      <Filter>src\renderer</Filter>
    </ClCompile>
    <ClCompile Include="src\renderer\resource.cpp">
      <Filter>src\renderer</Filter>
    </ClCompile>
    <ClCompile Include="src\generated\embedded_resources.cpp">
      <Filter>src\generated</Filter>
    </ClCompile>
    <ClCompile Include="src\ui\widget.cpp">
      <Filter>src\ui</Filter>
    </ClCompile>
    <ClCompile Include="src\ui\label.cpp">
      <Filter>src\ui</Filter>
    </ClCompile>
    <ClCompile Include="src\ui\button.cpp">
      <Filter>src\ui</Filter>
    </ClCompile>
    <ClCompile Include="src\ui\image.cpp">
      <Filter>src\ui</Filter>
    </ClCompile>
    <ClCompile Include="src\ui\editbox.cpp">
      <Filter>src\ui</Filter>
    </ClCompile>
    <ClCompile Include="src\ui\progressbar.cpp">
      <Filter>src\ui</Filter>
    </ClCompile>
    <ClCompile Include="src\ui\scrollview.cpp">
      <Filter>src\ui</Filter>
    </ClCompile>
    <ClCompile Include="src\ui\slider.cpp">
      <Filter>src\ui</Filter>
    </ClCompile>
    <ClCompile Include="src\ui\checkbox.cpp">
      <Filter>src\ui</Filter>
    </ClCompile>
    <ClCompile Include="src\ui\radiobutton.cpp">
      <Filter>src\ui</Filter>
    </ClCompile>
    <ClCompile Include="src\ui\dropdown.cpp">
      <Filter>src\ui</Filter>
    </ClCompile>
    <ClCompile Include="src\ui\tabcontrol.cpp">
      <Filter>src\ui</Filter>
    </ClCompile>
    <ClCompile Include="src\ui\treeview.cpp">
      <Filter>src\ui</Filter>
    </ClCompile>
    <ClCompile Include="src\ui\tooltip.cpp">
      <Filter>src\ui</Filter>
    </ClCompile>
    <ClCompile Include="src\ui\menu.cpp">
      <Filter>src\ui</Filter>
    </ClCompile>
    <ClCompile Include="src\ui\dialog.cpp">
      <Filter>src\ui</Filter>
    </ClCompile>
    <ClCompile Include="src\xml\layout_loader.cpp">
      <Filter>src\xml</Filter>
    </ClCompile>
  </ItemGroup>
  <ItemGroup>
    <ClInclude Include="src\animation\easing.h">
      <Filter>src\animation</Filter>
    </ClInclude>
    <ClInclude Include="src\animation\tween.h">
      <Filter>src\animation</Filter>
    </ClInclude>
    <ClInclude Include="src\animation\animator.h">
      <Filter>src\animation</Filter>
    </ClInclude>
    <ClInclude Include="src\core\application.h">
      <Filter>src\core</Filter>
    </ClInclude>
    <ClInclude Include="src\core\input.h">
      <Filter>src\core</Filter>
    </ClInclude>
    <ClInclude Include="src\core\async.h">
      <Filter>src\core</Filter>
    </ClInclude>
    <ClInclude Include="src\core\math.h">
      <Filter>src\core</Filter>
    </ClInclude>
    <ClInclude Include="src\renderer\canvas.h">
      <Filter>src\renderer</Filter>
    </ClInclude>
    <ClInclude Include="src\renderer\color.h">
      <Filter>src\renderer</Filter>
    </ClInclude>
    <ClInclude Include="src\renderer\texture.h">
      <Filter>src\renderer</Filter>
    </ClInclude>
    <ClInclude Include="src\renderer\font.h">
      <Filter>src\renderer</Filter>
    </ClInclude>
    <ClInclude Include="src\renderer\resource.h">
      <Filter>src\renderer</Filter>
    </ClInclude>
    <ClInclude Include="src\renderer\stb_image.h">
      <Filter>src\renderer</Filter>
    </ClInclude>
    <ClInclude Include="src\generated\embedded_resources.h">
      <Filter>src\generated</Filter>
    </ClInclude>
    <ClInclude Include="src\ui\widget.h">
      <Filter>src\ui</Filter>
    </ClInclude>
    <ClInclude Include="src\ui\label.h">
      <Filter>src\ui</Filter>
    </ClInclude>
    <ClInclude Include="src\ui\button.h">
      <Filter>src\ui</Filter>
    </ClInclude>
    <ClInclude Include="src\ui\image.h">
      <Filter>src\ui</Filter>
    </ClInclude>
    <ClInclude Include="src\ui\editbox.h">
      <Filter>src\ui</Filter>
    </ClInclude>
    <ClInclude Include="src\ui\progressbar.h">
      <Filter>src\ui</Filter>
    </ClInclude>
    <ClInclude Include="src\ui\scrollview.h">
      <Filter>src\ui</Filter>
    </ClInclude>
    <ClInclude Include="src\ui\slider.h">
      <Filter>src\ui</Filter>
    </ClInclude>
    <ClInclude Include="src\ui\checkbox.h">
      <Filter>src\ui</Filter>
    </ClInclude>
    <ClInclude Include="src\ui\radiobutton.h">
      <Filter>src\ui</Filter>
    </ClInclude>
    <ClInclude Include="src\ui\dropdown.h">
      <Filter>src\ui</Filter>
    </ClInclude>
    <ClInclude Include="src\ui\tabcontrol.h">
      <Filter>src\ui</Filter>
    </ClInclude>
    <ClInclude Include="src\ui\treeview.h">
      <Filter>src\ui</Filter>
    </ClInclude>
    <ClInclude Include="src\ui\tooltip.h">
      <Filter>src\ui</Filter>
    </ClInclude>
    <ClInclude Include="src\ui\menu.h">
      <Filter>src\ui</Filter>
    </ClInclude>
    <ClInclude Include="src\ui\dialog.h">
      <Filter>src\ui</Filter>
    </ClInclude>
    <ClInclude Include="src\ui\popup_geometry.h">
      <Filter>src\ui</Filter>
    </ClInclude>
    <ClInclude Include="src\xml\layout_loader.h">
      <Filter>src\xml</Filter>
    </ClInclude>
  </ItemGroup>
</Project>
